{
  "lockfile_version": "1",
  "packages": {
    "github:NixOS/nixpkgs/nixpkgs-unstable": {
      "last_modified": "2025-04-13T09:22:33Z",
      "resolved": "github:NixOS/nixpkgs/18dd725c29603f582cf1900e0d25f9f1063dbf11?lastModified=1744536153&narHash=sha256-awS2zRgF4uTwrOKwwiJcByDzDOdo3Q1rPZbiHQg%2FN38%3D"
    },
    "rustup@latest": {
      "last_modified": "2025-03-11T17:52:14Z",
      "plugin_version": "0.0.1",
      "resolved": "github:NixOS/nixpkgs/0d534853a55b5d02a4ababa1d71921ce8f0aee4c#rustup",
      "source": "devbox-search",
      "version": "1.27.1",
      "systems": {
        "aarch64-darwin": {
          "outputs": [
            {
              "name": "out",
              "path": "/nix/store/9sla9igz10qrqxjfy12x7ydjwqdgagn6-rustup-1.27.1",
              "default": true
            }
          ],
          "store_path": "/nix/store/9sla9igz10qrqxjfy12x7ydjwqdgagn6-rustup-1.27.1"
        },
        "aarch64-linux": {
          "outputs": [
            {
              "name": "out",
              "path": "/nix/store/cd8hjr11047c1ygmi3vaj01k5laknch5-rustup-1.27.1",
              "default": true
            }
          ],
          "store_path": "/nix/store/cd8hjr11047c1ygmi3vaj01k5laknch5-rustup-1.27.1"
        },
        "x86_64-darwin": {
          "outputs": [
            {
              "name": "out",
              "path": "/nix/store/0vp7amhfqdsq3d3yfv1pkb162qbpy05j-rustup-1.27.1",
              "default": true
            }
          ],
          "store_path": "/nix/store/0vp7amhfqdsq3d3yfv1pkb162qbpy05j-rustup-1.27.1"
        },
        "x86_64-linux": {
          "outputs": [
            {
              "name": "out",
              "path": "/nix/store/dl3rjwl31d31qkga5i7nnygvbcyxpfn3-rustup-1.27.1",
              "default": true
            }
          ],
          "store_path": "/nix/store/dl3rjwl31d31qkga5i7nnygvbcyxpfn3-rustup-1.27.1"
        }
      }
    }
  }
}
